
Microsoft Visual Studio Solution File, Format Version 12.00
# Visual Studio Version 17
VisualStudioVersion = 17.8.34309.116
MinimumVisualStudioVersion = 10.0.40219.1
Project("{FAE04EC0-301F-11D3-BF4B-00C04F79EFBC}") = "AppInstitucionEducativa", "AppInstitucionEducativa\AppInstitucionEducativa.csproj", "{63FBDB58-1BFA-4E65-B614-04C346E9394F}"
EndProject
Global
	GlobalSection(SolutionConfigurationPlatforms) = preSolution
		Debug|Any CPU = Debug|Any CPU
		Release|Any CPU = Release|Any CPU
	EndGlobalSection
	GlobalSection(ProjectConfigurationPlatforms) = postSolution
		{63FBDB58-1BFA-4E65-B614-04C346E9394F}.Debug|Any CPU.ActiveCfg = Debug|Any CPU
		{63FBDB58-1BFA-4E65-B614-04C346E9394F}.Debug|Any CPU.Build.0 = Debug|Any CPU
		{63FBDB58-1BFA-4E65-B614-04C346E9394F}.Release|Any CPU.ActiveCfg = Release|Any CPU
		{63FBDB58-1BFA-4E65-B614-04C346E9394F}.Release|Any CPU.Build.0 = Release|Any CPU
	EndGlobalSection
	GlobalSection(SolutionProperties) = preSolution
		HideSolutionNode = FALSE
	EndGlobalSection
	GlobalSection(ExtensibilityGlobals) = postSolution
		SolutionGuid = {B6D2E3E5-9092-42D6-A739-76B2971B2E10}
	EndGlobalSection
EndGlobal
